// !$*UTF8*$!
{
	archiveVersion = 1;
	classes = {
	};
	objectVersion = 46;
	objects = {

/* Begin PBXBuildFile section */
		DC0F2E8F15933CEF00F9D4FA /* InfoPlist.strings in Resources */ = {isa = PBXBuildFile; fileRef = DC0F2E8D15933CEF00F9D4FA /* InfoPlist.strings */; };
		DC56B1251596C4AF002F1460 /* Localizable.strings in Resources */ = {isa = PBXBuildFile; fileRef = DC56B1241596C4AF002F1460 /* Localizable.strings */; };
/* End PBXBuildFile section */

/* Begin PBXFileReference section */
		DC0F2E7B15933C0000F9D4FA /* Pinyin4jBundle.bundle */ = {isa = PBXFileReference; explicitFileType = wrapper.cfbundle; includeInIndex = 0; path = Pinyin4jBundle.bundle; sourceTree = BUILT_PRODUCTS_DIR; };
		DC0F2E8015933C0000F9D4FA /* Pinyin4jBundle-Info.plist */ = {isa = PBXFileReference; lastKnownFileType = text.plist.xml; path = "Pinyin4jBundle-Info.plist"; sourceTree = "<group>"; };
		DC0F2E8415933C0000F9D4FA /* Pinyin4jBundle-Prefix.pch */ = {isa = PBXFileReference; lastKnownFileType = sourcecode.c.h; path = "Pinyin4jBundle-Prefix.pch"; sourceTree = "<group>"; };
		DC0F2E8E15933CEF00F9D4FA /* en */ = {isa = PBXFileReference; lastKnownFileType = text.plist.strings; name = en; path = internationalization/en.lproj/InfoPlist.strings; sourceTree = "<group>"; };
		DC0F2E9015933CF400F9D4FA /* zh-Hans */ = {isa = PBXFileReference; lastKnownFileType = text.plist.strings; name = "zh-Hans"; path = "internationalization/zh-Hans.lproj/InfoPlist.strings"; sourceTree = "<group>"; };
		DC0F2E9215933CFC00F9D4FA /* zh-Hant */ = {isa = PBXFileReference; lastKnownFileType = text.plist.strings; name = "zh-Hant"; path = "internationalization/zh-Hant.lproj/InfoPlist.strings"; sourceTree = "<group>"; };
		DC56B1241596C4AF002F1460 /* Localizable.strings */ = {isa = PBXFileReference; fileEncoding = 4; lastKnownFileType = text.plist.strings; name = Localizable.strings; path = internationalization/Localizable.strings; sourceTree = "<group>"; };
/* End PBXFileReference section */

/* Begin PBXFrameworksBuildPhase section */
		DC0F2E7815933C0000F9D4FA /* Frameworks */ = {
			isa = PBXFrameworksBuildPhase;
			buildActionMask = 2147483647;
			files = (
			);
			runOnlyForDeploymentPostprocessing = 0;
		};
/* End PBXFrameworksBuildPhase section */

/* Begin PBXGroup section */
		DC0F2E5C15933BDE00F9D4FA = {
			isa = PBXGroup;
			children = (
				DC0F2E7E15933C0000F9D4FA /* Pinyin4jBundle */,
				DC0F2E6915933BDF00F9D4FA /* Frameworks */,
				DC0F2E6815933BDF00F9D4FA /* Products */,
			);
			sourceTree = "<group>";
		};
		DC0F2E6815933BDF00F9D4FA /* Products */ = {
			isa = PBXGroup;
			children = (
				DC0F2E7B15933C0000F9D4FA /* Pinyin4jBundle.bundle */,
			);
			name = Products;
			sourceTree = "<group>";
		};
		DC0F2E6915933BDF00F9D4FA /* Frameworks */ = {
			isa = PBXGroup;
			children = (
			);
			name = Frameworks;
			sourceTree = "<group>";
		};
		DC0F2E7E15933C0000F9D4FA /* Pinyin4jBundle */ = {
			isa = PBXGroup;
			children = (
				DC0F2E7F15933C0000F9D4FA /* Supporting Files */,
			);
			path = Pinyin4jBundle;
			sourceTree = "<group>";
		};
		DC0F2E7F15933C0000F9D4FA /* Supporting Files */ = {
			isa = PBXGroup;
			children = (
				DC0F2E8015933C0000F9D4FA /* Pinyin4jBundle-Info.plist */,
				DC0F2E8D15933CEF00F9D4FA /* InfoPlist.strings */,
				DC0F2E8415933C0000F9D4FA /* Pinyin4jBundle-Prefix.pch */,
				DC56B1241596C4AF002F1460 /* Localizable.strings */,
			);
			name = "Supporting Files";
			sourceTree = "<group>";
		};
/* End PBXGroup section */

/* Begin PBXNativeTarget section */
		DC0F2E7A15933C0000F9D4FA /* Pinyin4jBundle */ = {
			isa = PBXNativeTarget;
			buildConfigurationList = DC0F2E8515933C0000F9D4FA /* Build configuration list for PBXNativeTarget "Pinyin4jBundle" */;
			buildPhases = (
				DC0F2E7715933C0000F9D4FA /* Sources */,
				DC0F2E7815933C0000F9D4FA /* Frameworks */,
				DC0F2E7915933C0000F9D4FA /* Resources */,
			);
			buildRules = (
			);
			dependencies = (
			);
			name = Pinyin4jBundle;
			productName = Pinyin4jBundle;
			productReference = DC0F2E7B15933C0000F9D4FA /* Pinyin4jBundle.bundle */;
			productType = "com.apple.product-type.bundle";
		};
/* End PBXNativeTarget section */

/* Begin PBXProject section */
		DC0F2E5E15933BDE00F9D4FA /* Project object */ = {
			isa = PBXProject;
			attributes = {
				LastUpgradeCheck = 0460;
				ORGANIZATIONNAME = richitec;
			};
			buildConfigurationList = DC0F2E6115933BDE00F9D4FA /* Build configuration list for PBXProject "Pinyin4jBundle" */;
			compatibilityVersion = "Xcode 3.2";
			developmentRegion = English;
			hasScannedForEncodings = 0;
			knownRegions = (
				en,
				"zh-Hans",
				"zh-Hant",
			);
			mainGroup = DC0F2E5C15933BDE00F9D4FA;
			productRefGroup = DC0F2E6815933BDF00F9D4FA /* Products */;
			projectDirPath = "";
			projectRoot = "";
			targets = (
				DC0F2E7A15933C0000F9D4FA /* Pinyin4jBundle */,
			);
		};
/* End PBXProject section */

/* Begin PBXResourcesBuildPhase section */
		DC0F2E7915933C0000F9D4FA /* Resources */ = {
			isa = PBXResourcesBuildPhase;
			buildActionMask = 2147483647;
			files = (
				DC0F2E8F15933CEF00F9D4FA /* InfoPlist.strings in Resources */,
				DC56B1251596C4AF002F1460 /* Localizable.strings in Resources */,
			);
			runOnlyForDeploymentPostprocessing = 0;
		};
/* End PBXResourcesBuildPhase section */

/* Begin PBXSourcesBuildPhase section */
		DC0F2E7715933C0000F9D4FA /* Sources */ = {
			isa = PBXSourcesBuildPhase;
			buildActionMask = 2147483647;
			files = (
			);
			runOnlyForDeploymentPostprocessing = 0;
		};
/* End PBXSourcesBuildPhase section */

/* Begin PBXVariantGroup section */
		DC0F2E8D15933CEF00F9D4FA /* InfoPlist.strings */ = {
			isa = PBXVariantGroup;
			children = (
				DC0F2E8E15933CEF00F9D4FA /* en */,
				DC0F2E9015933CF400F9D4FA /* zh-Hans */,
				DC0F2E9215933CFC00F9D4FA /* zh-Hant */,
			);
			name = InfoPlist.strings;
			sourceTree = "<group>";
		};
/* End PBXVariantGroup section */

/* Begin XCBuildConfiguration section */
		DC0F2E7215933BDF00F9D4FA /* Debug */ = {
			isa = XCBuildConfiguration;
			buildSettings = {
				ALWAYS_SEARCH_USER_PATHS = NO;
				ARCHS = "$(ARCHS_STANDARD_32_BIT)";
				CLANG_ENABLE_OBJC_ARC = YES;
				CLANG_WARN_CONSTANT_CONVERSION = YES;
				CLANG_WARN_ENUM_CONVERSION = YES;
				CLANG_WARN_INT_CONVERSION = YES;
				CLANG_WARN__DUPLICATE_METHOD_MATCH = YES;
				COPY_PHASE_STRIP = NO;
				GCC_C_LANGUAGE_STANDARD = gnu99;
				GCC_DYNAMIC_NO_PIC = NO;
				GCC_OPTIMIZATION_LEVEL = 0;
				GCC_PREPROCESSOR_DEFINITIONS = (
					"DEBUG=1",
					"$(inherited)",
				);
				GCC_SYMBOLS_PRIVATE_EXTERN = NO;
				GCC_VERSION = com.apple.compilers.llvm.clang.1_0;
				GCC_WARN_ABOUT_RETURN_TYPE = YES;
				GCC_WARN_UNINITIALIZED_AUTOS = YES;
				GCC_WARN_UNUSED_VARIABLE = YES;
				IPHONEOS_DEPLOYMENT_TARGET = 6.0;
				SDKROOT = iphoneos;
			};
			name = Debug;
		};
		DC0F2E7315933BDF00F9D4FA /* Release */ = {
			isa = XCBuildConfiguration;
			buildSettings = {
				ALWAYS_SEARCH_USER_PATHS = NO;
				ARCHS = "$(ARCHS_STANDARD_32_BIT)";
				CLANG_ENABLE_OBJC_ARC = YES;
				CLANG_WARN_CONSTANT_CONVERSION = YES;
				CLANG_WARN_ENUM_CONVERSION = YES;
				CLANG_WARN_INT_CONVERSION = YES;
				CLANG_WARN__DUPLICATE_METHOD_MATCH = YES;
				COPY_PHASE_STRIP = YES;
				GCC_C_LANGUAGE_STANDARD = gnu99;
				GCC_VERSION = com.apple.compilers.llvm.clang.1_0;
				GCC_WARN_ABOUT_RETURN_TYPE = YES;
				GCC_WARN_UNINITIALIZED_AUTOS = YES;
				GCC_WARN_UNUSED_VARIABLE = YES;
				IPHONEOS_DEPLOYMENT_TARGET = 6.0;
				SDKROOT = iphoneos;
				VALIDATE_PRODUCT = YES;
			};
			name = Release;
		};
		DC0F2E8615933C0000F9D4FA /* Debug */ = {
			isa = XCBuildConfiguration;
			buildSettings = {
				ARCHS = "$(ARCHS_STANDARD_32_BIT)";
				DEAD_CODE_STRIPPING = NO;
				GCC_ENABLE_OBJC_EXCEPTIONS = YES;
				GCC_PRECOMPILE_PREFIX_HEADER = YES;
				GCC_PREFIX_HEADER = "Pinyin4jBundle/Pinyin4jBundle-Prefix.pch";
				GCC_WARN_64_TO_32_BIT_CONVERSION = YES;
				INFOPLIST_FILE = "Pinyin4jBundle/Pinyin4jBundle-Info.plist";
				INSTALL_PATH = "$(LOCAL_LIBRARY_DIR)/Bundles";
				LINK_WITH_STANDARD_LIBRARIES = NO;
				MACOSX_DEPLOYMENT_TARGET = "";
				ONLY_ACTIVE_ARCH = YES;
				PRODUCT_NAME = "$(TARGET_NAME)";
				SDKROOT = iphoneos;
				WRAPPER_EXTENSION = bundle;
			};
			name = Debug;
		};
		DC0F2E8715933C0000F9D4FA /* Release */ = {
			isa = XCBuildConfiguration;
			buildSettings = {
				ARCHS = "$(ARCHS_STANDARD_32_BIT)";
				DEAD_CODE_STRIPPING = NO;
				DEBUG_INFORMATION_FORMAT = "dwarf-with-dsym";
				GCC_ENABLE_OBJC_EXCEPTIONS = YES;
				GCC_PRECOMPILE_PREFIX_HEADER = YES;
				GCC_PREFIX_HEADER = "Pinyin4jBundle/Pinyin4jBundle-Prefix.pch";
				GCC_WARN_64_TO_32_BIT_CONVERSION = YES;
				INFOPLIST_FILE = "Pinyin4jBundle/Pinyin4jBundle-Info.plist";
				INSTALL_PATH = "$(LOCAL_LIBRARY_DIR)/Bundles";
				LINK_WITH_STANDARD_LIBRARIES = NO;
				MACOSX_DEPLOYMENT_TARGET = "";
				PRODUCT_NAME = "$(TARGET_NAME)";
				SDKROOT = iphoneos;
				WRAPPER_EXTENSION = bundle;
			};
			name = Release;
		};
/* End XCBuildConfiguration section */

/* Begin XCConfigurationList section */
		DC0F2E6115933BDE00F9D4FA /* Build configuration list for PBXProject "Pinyin4jBundle" */ = {
			isa = XCConfigurationList;
			buildConfigurations = (
				DC0F2E7215933BDF00F9D4FA /* Debug */,
				DC0F2E7315933BDF00F9D4FA /* Release */,
			);
			defaultConfigurationIsVisible = 0;
			defaultConfigurationName = Release;
		};
		DC0F2E8515933C0000F9D4FA /* Build configuration list for PBXNativeTarget "Pinyin4jBundle" */ = {
			isa = XCConfigurationList;
			buildConfigurations = (
				DC0F2E8615933C0000F9D4FA /* Debug */,
				DC0F2E8715933C0000F9D4FA /* Release */,
			);
			defaultConfigurationIsVisible = 0;
			defaultConfigurationName = Release;
		};
/* End XCConfigurationList section */
	};
	rootObject = DC0F2E5E15933BDE00F9D4FA /* Project object */;
}
